
Microsoft Visual Studio Solution File, Format Version 12.00
# Visual Studio Version 16
VisualStudioVersion = 16.0.31829.152
MinimumVisualStudioVersion = 10.0.40219.1
Project("{FAE04EC0-301F-11D3-BF4B-00C04F79EFBC}") = "e-loanApp", "e-loanApp.csproj", "{7B6C208D-BEF0-4B18-9022-D51FCD281138}"
EndProject
Global
	GlobalSection(SolutionConfigurationPlatforms) = preSolution
		Debug|Any CPU = Debug|Any CPU
		Release|Any CPU = Release|Any CPU
	EndGlobalSection
	GlobalSection(ProjectConfigurationPlatforms) = postSolution
		{7B6C208D-BEF0-4B18-9022-D51FCD281138}.Debug|Any CPU.ActiveCfg = Debug|Any CPU
		{7B6C208D-BEF0-4B18-9022-D51FCD281138}.Debug|Any CPU.Build.0 = Debug|Any CPU
		{7B6C208D-BEF0-4B18-9022-D51FCD281138}.Release|Any CPU.ActiveCfg = Release|Any CPU
		{7B6C208D-BEF0-4B18-9022-D51FCD281138}.Release|Any CPU.Build.0 = Release|Any CPU
	EndGlobalSection
	GlobalSection(SolutionProperties) = preSolution
		HideSolutionNode = FALSE
	EndGlobalSection
	GlobalSection(ExtensibilityGlobals) = postSolution
		SolutionGuid = {A1962B59-11CF-49EB-BDFD-248F08B597FE}
	EndGlobalSection
EndGlobal
